// !$*UTF8*$!
{
	archiveVersion = 1;
	classes = {
	};
	objectVersion = 56;
	objects = {

/* Begin PBXBuildFile section */
		FB13B2652D7618CD00254EF3 /* pantalla_agregar_contacto.swift in Sources */ = {isa = PBXBuildFile; fileRef = FB13B2642D7618CD00254EF3 /* pantalla_agregar_contacto.swift */; };
		FB13B2672D761C4600254EF3 /* icono.swift in Sources */ = {isa = PBXBuildFile; fileRef = FB13B2662D761C4600254EF3 /* icono.swift */; };
		FBA257EF2D6F797D0005D54A /* agenda_shufleApp.swift in Sources */ = {isa = PBXBuildFile; fileRef = FBA257EE2D6F797D0005D54A /* agenda_shufleApp.swift */; };
		FBA257F32D6F797D0005D54A /* Assets.xcassets in Resources */ = {isa = PBXBuildFile; fileRef = FBA257F22D6F797D0005D54A /* Assets.xcassets */; };
		FBA257F62D6F797D0005D54A /* Preview Assets.xcassets in Resources */ = {isa = PBXBuildFile; fileRef = FBA257F52D6F797D0005D54A /* Preview Assets.xcassets */; };
		FBA257FD2D6F7C0B0005D54A /* pantalla_agenda.swift in Sources */ = {isa = PBXBuildFile; fileRef = FBA257FC2D6F7C0B0005D54A /* pantalla_agenda.swift */; };
		FBA258002D6F7FC30005D54A /* contacto_prevista.swift in Sources */ = {isa = PBXBuildFile; fileRef = FBA257FF2D6F7FC30005D54A /* contacto_prevista.swift */; };
		FBA258032D6F87180005D54A /* contacto_agenda.swift in Sources */ = {isa = PBXBuildFile; fileRef = FBA258022D6F87180005D54A /* contacto_agenda.swift */; };
/* End PBXBuildFile section */

/* Begin PBXFileReference section */
		FB13B2642D7618CD00254EF3 /* pantalla_agregar_contacto.swift */ = {isa = PBXFileReference; lastKnownFileType = sourcecode.swift; path = pantalla_agregar_contacto.swift; sourceTree = "<group>"; };
		FB13B2662D761C4600254EF3 /* icono.swift */ = {isa = PBXFileReference; lastKnownFileType = sourcecode.swift; path = icono.swift; sourceTree = "<group>"; };
		FBA257EB2D6F797D0005D54A /* agenda_shufle.app */ = {isa = PBXFileReference; explicitFileType = wrapper.application; includeInIndex = 0; path = agenda_shufle.app; sourceTree = BUILT_PRODUCTS_DIR; };
		FBA257EE2D6F797D0005D54A /* agenda_shufleApp.swift */ = {isa = PBXFileReference; lastKnownFileType = sourcecode.swift; path = agenda_shufleApp.swift; sourceTree = "<group>"; };
		FBA257F22D6F797D0005D54A /* Assets.xcassets */ = {isa = PBXFileReference; lastKnownFileType = folder.assetcatalog; path = Assets.xcassets; sourceTree = "<group>"; };
		FBA257F52D6F797D0005D54A /* Preview Assets.xcassets */ = {isa = PBXFileReference; lastKnownFileType = folder.assetcatalog; path = "Preview Assets.xcassets"; sourceTree = "<group>"; };
		FBA257FC2D6F7C0B0005D54A /* pantalla_agenda.swift */ = {isa = PBXFileReference; lastKnownFileType = sourcecode.swift; path = pantalla_agenda.swift; sourceTree = "<group>"; };
		FBA257FF2D6F7FC30005D54A /* contacto_prevista.swift */ = {isa = PBXFileReference; lastKnownFileType = sourcecode.swift; path = contacto_prevista.swift; sourceTree = "<group>"; };
		FBA258022D6F87180005D54A /* contacto_agenda.swift */ = {isa = PBXFileReference; lastKnownFileType = sourcecode.swift; path = contacto_agenda.swift; sourceTree = "<group>"; };
/* End PBXFileReference section */

/* Begin PBXFrameworksBuildPhase section */
		FBA257E82D6F797D0005D54A /* Frameworks */ = {
			isa = PBXFrameworksBuildPhase;
			buildActionMask = 2147483647;
			files = (
			);
			runOnlyForDeploymentPostprocessing = 0;
		};
/* End PBXFrameworksBuildPhase section */

/* Begin PBXGroup section */
		FB13B2632D7618A500254EF3 /* pantallas */ = {
			isa = PBXGroup;
			children = (
				FB13B2642D7618CD00254EF3 /* pantalla_agregar_contacto.swift */,
			);
			path = pantallas;
			sourceTree = "<group>";
		};
		FBA257E22D6F797D0005D54A = {
			isa = PBXGroup;
			children = (
				FBA257ED2D6F797D0005D54A /* agenda_shufle */,
				FBA257EC2D6F797D0005D54A /* Products */,
			);
			sourceTree = "<group>";
		};
		FBA257EC2D6F797D0005D54A /* Products */ = {
			isa = PBXGroup;
			children = (
				FBA257EB2D6F797D0005D54A /* agenda_shufle.app */,
			);
			name = Products;
			sourceTree = "<group>";
		};
		FBA257ED2D6F797D0005D54A /* agenda_shufle */ = {
			isa = PBXGroup;
			children = (
				FB13B2632D7618A500254EF3 /* pantallas */,
				FBA258012D6F85A90005D54A /* Modelos */,
				FBA257FE2D6F7F600005D54A /* Componentes */,
				FBA257EE2D6F797D0005D54A /* agenda_shufleApp.swift */,
				FBA257F22D6F797D0005D54A /* Assets.xcassets */,
				FBA257F42D6F797D0005D54A /* Preview Content */,
				FBA257FC2D6F7C0B0005D54A /* pantalla_agenda.swift */,
			);
			path = agenda_shufle;
			sourceTree = "<group>";
		};
		FBA257F42D6F797D0005D54A /* Preview Content */ = {
			isa = PBXGroup;
			children = (
				FBA257F52D6F797D0005D54A /* Preview Assets.xcassets */,
			);
			path = "Preview Content";
			sourceTree = "<group>";
		};
		FBA257FE2D6F7F600005D54A /* Componentes */ = {
			isa = PBXGroup;
			children = (
				FBA257FF2D6F7FC30005D54A /* contacto_prevista.swift */,
				FB13B2662D761C4600254EF3 /* icono.swift */,
			);
			path = Componentes;
			sourceTree = "<group>";
		};
		FBA258012D6F85A90005D54A /* Modelos */ = {
			isa = PBXGroup;
			children = (
				FBA258022D6F87180005D54A /* contacto_agenda.swift */,
			);
			path = Modelos;
			sourceTree = "<group>";
		};
/* End PBXGroup section */

/* Begin PBXNativeTarget section */
		FBA257EA2D6F797D0005D54A /* agenda_shufle */ = {
			isa = PBXNativeTarget;
			buildConfigurationList = FBA257F92D6F797D0005D54A /* Build configuration list for PBXNativeTarget "agenda_shufle" */;
			buildPhases = (
				FBA257E72D6F797D0005D54A /* Sources */,
				FBA257E82D6F797D0005D54A /* Frameworks */,
				FBA257E92D6F797D0005D54A /* Resources */,
			);
			buildRules = (
			);
			dependencies = (
			);
			name = agenda_shufle;
			productName = agenda_shufle;
			productReference = FBA257EB2D6F797D0005D54A /* agenda_shufle.app */;
			productType = "com.apple.product-type.application";
		};
/* End PBXNativeTarget section */

/* Begin PBXProject section */
		FBA257E32D6F797D0005D54A /* Project object */ = {
			isa = PBXProject;
			attributes = {
				BuildIndependentTargetsInParallel = 1;
				LastSwiftUpdateCheck = 1540;
				LastUpgradeCheck = 1540;
				TargetAttributes = {
					FBA257EA2D6F797D0005D54A = {
						CreatedOnToolsVersion = 15.4;
					};
				};
			};
			buildConfigurationList = FBA257E62D6F797D0005D54A /* Build configuration list for PBXProject "agenda_shufle" */;
			compatibilityVersion = "Xcode 14.0";
			developmentRegion = en;
			hasScannedForEncodings = 0;
			knownRegions = (
				en,
				Base,
			);
			mainGroup = FBA257E22D6F797D0005D54A;
			productRefGroup = FBA257EC2D6F797D0005D54A /* Products */;
			projectDirPath = "";
			projectRoot = "";
			targets = (
				FBA257EA2D6F797D0005D54A /* agenda_shufle */,
			);
		};
/* End PBXProject section */

/* Begin PBXResourcesBuildPhase section */
		FBA257E92D6F797D0005D54A /* Resources */ = {
			isa = PBXResourcesBuildPhase;
			buildActionMask = 2147483647;
			files = (
				FBA257F62D6F797D0005D54A /* Preview Assets.xcassets in Resources */,
				FBA257F32D6F797D0005D54A /* Assets.xcassets in Resources */,
			);
			runOnlyForDeploymentPostprocessing = 0;
		};
/* End PBXResourcesBuildPhase section */

/* Begin PBXSourcesBuildPhase section */
		FBA257E72D6F797D0005D54A /* Sources */ = {
			isa = PBXSourcesBuildPhase;
			buildActionMask = 2147483647;
			files = (
				FB13B2672D761C4600254EF3 /* icono.swift in Sources */,
				FBA257FD2D6F7C0B0005D54A /* pantalla_agenda.swift in Sources */,
				FBA258002D6F7FC30005D54A /* contacto_prevista.swift in Sources */,
				FBA258032D6F87180005D54A /* contacto_agenda.swift in Sources */,
				FB13B2652D7618CD00254EF3 /* pantalla_agregar_contacto.swift in Sources */,
				FBA257EF2D6F797D0005D54A /* agenda_shufleApp.swift in Sources */,
			);
			runOnlyForDeploymentPostprocessing = 0;
		};
/* End PBXSourcesBuildPhase section */

/* Begin XCBuildConfiguration section */
		FBA257F72D6F797D0005D54A /* Debug */ = {
			isa = XCBuildConfiguration;
			buildSettings = {
				ALWAYS_SEARCH_USER_PATHS = NO;
				ASSETCATALOG_COMPILER_GENERATE_SWIFT_ASSET_SYMBOL_EXTENSIONS = YES;
				CLANG_ANALYZER_NONNULL = YES;
				CLANG_ANALYZER_NUMBER_OBJECT_CONVERSION = YES_AGGRESSIVE;
				CLANG_CXX_LANGUAGE_STANDARD = "gnu++20";
				CLANG_ENABLE_MODULES = YES;
				CLANG_ENABLE_OBJC_ARC = YES;
				CLANG_ENABLE_OBJC_WEAK = YES;
				CLANG_WARN_BLOCK_CAPTURE_AUTORELEASING = YES;
				CLANG_WARN_BOOL_CONVERSION = YES;
				CLANG_WARN_COMMA = YES;
				CLANG_WARN_CONSTANT_CONVERSION = YES;
				CLANG_WARN_DEPRECATED_OBJC_IMPLEMENTATIONS = YES;
				CLANG_WARN_DIRECT_OBJC_ISA_USAGE = YES_ERROR;
				CLANG_WARN_DOCUMENTATION_COMMENTS = YES;
				CLANG_WARN_EMPTY_BODY = YES;
				CLANG_WARN_ENUM_CONVERSION = YES;
				CLANG_WARN_INFINITE_RECURSION = YES;
				CLANG_WARN_INT_CONVERSION = YES;
				CLANG_WARN_NON_LITERAL_NULL_CONVERSION = YES;
				CLANG_WARN_OBJC_IMPLICIT_RETAIN_SELF = YES;
				CLANG_WARN_OBJC_LITERAL_CONVERSION = YES;
				CLANG_WARN_OBJC_ROOT_CLASS = YES_ERROR;
				CLANG_WARN_QUOTED_INCLUDE_IN_FRAMEWORK_HEADER = YES;
				CLANG_WARN_RANGE_LOOP_ANALYSIS = YES;
				CLANG_WARN_STRICT_PROTOTYPES = YES;
				CLANG_WARN_SUSPICIOUS_MOVE = YES;
				CLANG_WARN_UNGUARDED_AVAILABILITY = YES_AGGRESSIVE;
				CLANG_WARN_UNREACHABLE_CODE = YES;
				CLANG_WARN__DUPLICATE_METHOD_MATCH = YES;
				COPY_PHASE_STRIP = NO;
				DEBUG_INFORMATION_FORMAT = dwarf;
				ENABLE_STRICT_OBJC_MSGSEND = YES;
				ENABLE_TESTABILITY = YES;
				ENABLE_USER_SCRIPT_SANDBOXING = YES;
				GCC_C_LANGUAGE_STANDARD = gnu17;
				GCC_DYNAMIC_NO_PIC = NO;
				GCC_NO_COMMON_BLOCKS = YES;
				GCC_OPTIMIZATION_LEVEL = 0;
				GCC_PREPROCESSOR_DEFINITIONS = (
					"DEBUG=1",
					"$(inherited)",
				);
				GCC_WARN_64_TO_32_BIT_CONVERSION = YES;
				GCC_WARN_ABOUT_RETURN_TYPE = YES_ERROR;
				GCC_WARN_UNDECLARED_SELECTOR = YES;
				GCC_WARN_UNINITIALIZED_AUTOS = YES_AGGRESSIVE;
				GCC_WARN_UNUSED_FUNCTION = YES;
				GCC_WARN_UNUSED_VARIABLE = YES;
				IPHONEOS_DEPLOYMENT_TARGET = 17.5;
				LOCALIZATION_PREFERS_STRING_CATALOGS = YES;
				MTL_ENABLE_DEBUG_INFO = INCLUDE_SOURCE;
				MTL_FAST_MATH = YES;
				ONLY_ACTIVE_ARCH = YES;
				SDKROOT = iphoneos;
				SWIFT_ACTIVE_COMPILATION_CONDITIONS = "DEBUG $(inherited)";
				SWIFT_OPTIMIZATION_LEVEL = "-Onone";
			};
			name = Debug;
		};
		FBA257F82D6F797D0005D54A /* Release */ = {
			isa = XCBuildConfiguration;
			buildSettings = {
				ALWAYS_SEARCH_USER_PATHS = NO;
				ASSETCATALOG_COMPILER_GENERATE_SWIFT_ASSET_SYMBOL_EXTENSIONS = YES;
				CLANG_ANALYZER_NONNULL = YES;
				CLANG_ANALYZER_NUMBER_OBJECT_CONVERSION = YES_AGGRESSIVE;
				CLANG_CXX_LANGUAGE_STANDARD = "gnu++20";
				CLANG_ENABLE_MODULES = YES;
				CLANG_ENABLE_OBJC_ARC = YES;
				CLANG_ENABLE_OBJC_WEAK = YES;
				CLANG_WARN_BLOCK_CAPTURE_AUTORELEASING = YES;
				CLANG_WARN_BOOL_CONVERSION = YES;
				CLANG_WARN_COMMA = YES;
				CLANG_WARN_CONSTANT_CONVERSION = YES;
				CLANG_WARN_DEPRECATED_OBJC_IMPLEMENTATIONS = YES;
				CLANG_WARN_DIRECT_OBJC_ISA_USAGE = YES_ERROR;
				CLANG_WARN_DOCUMENTATION_COMMENTS = YES;
				CLANG_WARN_EMPTY_BODY = YES;
				CLANG_WARN_ENUM_CONVERSION = YES;
				CLANG_WARN_INFINITE_RECURSION = YES;
				CLANG_WARN_INT_CONVERSION = YES;
				CLANG_WARN_NON_LITERAL_NULL_CONVERSION = YES;
				CLANG_WARN_OBJC_IMPLICIT_RETAIN_SELF = YES;
				CLANG_WARN_OBJC_LITERAL_CONVERSION = YES;
				CLANG_WARN_OBJC_ROOT_CLASS = YES_ERROR;
				CLANG_WARN_QUOTED_INCLUDE_IN_FRAMEWORK_HEADER = YES;
				CLANG_WARN_RANGE_LOOP_ANALYSIS = YES;
				CLANG_WARN_STRICT_PROTOTYPES = YES;
				CLANG_WARN_SUSPICIOUS_MOVE = YES;
				CLANG_WARN_UNGUARDED_AVAILABILITY = YES_AGGRESSIVE;
				CLANG_WARN_UNREACHABLE_CODE = YES;
				CLANG_WARN__DUPLICATE_METHOD_MATCH = YES;
				COPY_PHASE_STRIP = NO;
				DEBUG_INFORMATION_FORMAT = "dwarf-with-dsym";
				ENABLE_NS_ASSERTIONS = NO;
				ENABLE_STRICT_OBJC_MSGSEND = YES;
				ENABLE_USER_SCRIPT_SANDBOXING = YES;
				GCC_C_LANGUAGE_STANDARD = gnu17;
				GCC_NO_COMMON_BLOCKS = YES;
				GCC_WARN_64_TO_32_BIT_CONVERSION = YES;
				GCC_WARN_ABOUT_RETURN_TYPE = YES_ERROR;
				GCC_WARN_UNDECLARED_SELECTOR = YES;
				GCC_WARN_UNINITIALIZED_AUTOS = YES_AGGRESSIVE;
				GCC_WARN_UNUSED_FUNCTION = YES;
				GCC_WARN_UNUSED_VARIABLE = YES;
				IPHONEOS_DEPLOYMENT_TARGET = 17.5;
				LOCALIZATION_PREFERS_STRING_CATALOGS = YES;
				MTL_ENABLE_DEBUG_INFO = NO;
				MTL_FAST_MATH = YES;
				SDKROOT = iphoneos;
				SWIFT_COMPILATION_MODE = wholemodule;
				VALIDATE_PRODUCT = YES;
			};
			name = Release;
		};
		FBA257FA2D6F797D0005D54A /* Debug */ = {
			isa = XCBuildConfiguration;
			buildSettings = {
				ASSETCATALOG_COMPILER_APPICON_NAME = AppIcon;
				ASSETCATALOG_COMPILER_GLOBAL_ACCENT_COLOR_NAME = AccentColor;
				CODE_SIGN_STYLE = Automatic;
				CURRENT_PROJECT_VERSION = 1;
				DEVELOPMENT_ASSET_PATHS = "\"agenda_shufle/Preview Content\"";
				ENABLE_PREVIEWS = YES;
				GENERATE_INFOPLIST_FILE = YES;
				INFOPLIST_KEY_UIApplicationSceneManifest_Generation = YES;
				INFOPLIST_KEY_UIApplicationSupportsIndirectInputEvents = YES;
				INFOPLIST_KEY_UILaunchScreen_Generation = YES;
				INFOPLIST_KEY_UISupportedInterfaceOrientations_iPad = "UIInterfaceOrientationPortrait UIInterfaceOrientationPortraitUpsideDown UIInterfaceOrientationLandscapeLeft UIInterfaceOrientationLandscapeRight";
				INFOPLIST_KEY_UISupportedInterfaceOrientations_iPhone = "UIInterfaceOrientationPortrait UIInterfaceOrientationLandscapeLeft UIInterfaceOrientationLandscapeRight";
				LD_RUNPATH_SEARCH_PATHS = (
					"$(inherited)",
					"@executable_path/Frameworks",
				);
				MARKETING_VERSION = 1.0;
				PRODUCT_BUNDLE_IDENTIFIER = "mx.alumnos.uacj.agenda-shufle";
				PRODUCT_NAME = "$(TARGET_NAME)";
				SWIFT_EMIT_LOC_STRINGS = YES;
				SWIFT_VERSION = 5.0;
				TARGETED_DEVICE_FAMILY = "1,2";
			};
			name = Debug;
		};
		FBA257FB2D6F797D0005D54A /* Release */ = {
			isa = XCBuildConfiguration;
			buildSettings = {
				ASSETCATALOG_COMPILER_APPICON_NAME = AppIcon;
				ASSETCATALOG_COMPILER_GLOBAL_ACCENT_COLOR_NAME = AccentColor;
				CODE_SIGN_STYLE = Automatic;
				CURRENT_PROJECT_VERSION = 1;
				DEVELOPMENT_ASSET_PATHS = "\"agenda_shufle/Preview Content\"";
				ENABLE_PREVIEWS = YES;
				GENERATE_INFOPLIST_FILE = YES;
				INFOPLIST_KEY_UIApplicationSceneManifest_Generation = YES;
				INFOPLIST_KEY_UIApplicationSupportsIndirectInputEvents = YES;
				INFOPLIST_KEY_UILaunchScreen_Generation = YES;
				INFOPLIST_KEY_UISupportedInterfaceOrientations_iPad = "UIInterfaceOrientationPortrait UIInterfaceOrientationPortraitUpsideDown UIInterfaceOrientationLandscapeLeft UIInterfaceOrientationLandscapeRight";
				INFOPLIST_KEY_UISupportedInterfaceOrientations_iPhone = "UIInterfaceOrientationPortrait UIInterfaceOrientationLandscapeLeft UIInterfaceOrientationLandscapeRight";
				LD_RUNPATH_SEARCH_PATHS = (
					"$(inherited)",
					"@executable_path/Frameworks",
				);
				MARKETING_VERSION = 1.0;
				PRODUCT_BUNDLE_IDENTIFIER = "mx.alumnos.uacj.agenda-shufle";
				PRODUCT_NAME = "$(TARGET_NAME)";
				SWIFT_EMIT_LOC_STRINGS = YES;
				SWIFT_VERSION = 5.0;
				TARGETED_DEVICE_FAMILY = "1,2";
			};
			name = Release;
		};
/* End XCBuildConfiguration section */

/* Begin XCConfigurationList section */
		FBA257E62D6F797D0005D54A /* Build configuration list for PBXProject "agenda_shufle" */ = {
			isa = XCConfigurationList;
			buildConfigurations = (
				FBA257F72D6F797D0005D54A /* Debug */,
				FBA257F82D6F797D0005D54A /* Release */,
			);
			defaultConfigurationIsVisible = 0;
			defaultConfigurationName = Release;
		};
		FBA257F92D6F797D0005D54A /* Build configuration list for PBXNativeTarget "agenda_shufle" */ = {
			isa = XCConfigurationList;
			buildConfigurations = (
				FBA257FA2D6F797D0005D54A /* Debug */,
				FBA257FB2D6F797D0005D54A /* Release */,
			);
			defaultConfigurationIsVisible = 0;
			defaultConfigurationName = Release;
		};
/* End XCConfigurationList section */
	};
	rootObject = FBA257E32D6F797D0005D54A /* Project object */;
}
